
Microsoft Visual Studio Solution File, Format Version 12.00
# Visual Studio Version 16
VisualStudioVersion = 16.0.31205.134
MinimumVisualStudioVersion = 10.0.40219.1
Project("{FAE04EC0-301F-11D3-BF4B-00C04F79EFBC}") = "ValantDemoApi", "ValantDemoApi\ValantDemoApi.csproj", "{1FA8816A-A920-4B6E-8E7C-4F0E2F99F660}"
EndProject
Project("{FAE04EC0-301F-11D3-BF4B-00C04F79EFBC}") = "ValantDemoApi.Tests", "ValantDemoApi.Tests\ValantDemoApi.Tests.csproj", "{6A587664-C6B8-42B6-94BC-65F1D88EE4A4}"
EndProject
Global
	GlobalSection(SolutionConfigurationPlatforms) = preSolution
		Debug|Any CPU = Debug|Any CPU
		Release|Any CPU = Release|Any CPU
	EndGlobalSection
	GlobalSection(ProjectConfigurationPlatforms) = postSolution
		{1FA8816A-A920-4B6E-8E7C-4F0E2F99F660}.Debug|Any CPU.ActiveCfg = Debug|Any CPU
		{1FA8816A-A920-4B6E-8E7C-4F0E2F99F660}.Debug|Any CPU.Build.0 = Debug|Any CPU
		{1FA8816A-A920-4B6E-8E7C-4F0E2F99F660}.Release|Any CPU.ActiveCfg = Release|Any CPU
		{1FA8816A-A920-4B6E-8E7C-4F0E2F99F660}.Release|Any CPU.Build.0 = Release|Any CPU
		{6A587664-C6B8-42B6-94BC-65F1D88EE4A4}.Debug|Any CPU.ActiveCfg = Debug|Any CPU
		{6A587664-C6B8-42B6-94BC-65F1D88EE4A4}.Debug|Any CPU.Build.0 = Debug|Any CPU
		{6A587664-C6B8-42B6-94BC-65F1D88EE4A4}.Release|Any CPU.ActiveCfg = Release|Any CPU
		{6A587664-C6B8-42B6-94BC-65F1D88EE4A4}.Release|Any CPU.Build.0 = Release|Any CPU
	EndGlobalSection
	GlobalSection(SolutionProperties) = preSolution
		HideSolutionNode = FALSE
	EndGlobalSection
	GlobalSection(ExtensibilityGlobals) = postSolution
		SolutionGuid = {091496D8-4BE7-445B-A1A2-C730A60A1FA4}
	EndGlobalSection
EndGlobal
